// !$*UTF8*$!
{
	archiveVersion = 1;
	classes = {
	};
	objectVersion = 50;
	objects = {

/* Begin PBXBuildFile section */
		FC1A2E1A22D3A69C00765610 /* AppDelegate.swift in Sources */ = {isa = PBXBuildFile; fileRef = FC1A2E1922D3A69C00765610 /* AppDelegate.swift */; };
		FC1A2E1C22D3A69C00765610 /* SceneDelegate.swift in Sources */ = {isa = PBXBuildFile; fileRef = FC1A2E1B22D3A69C00765610 /* SceneDelegate.swift */; };
		FC1A2E1E22D3A69C00765610 /* ContentView.swift in Sources */ = {isa = PBXBuildFile; fileRef = FC1A2E1D22D3A69C00765610 /* ContentView.swift */; };
		FC1A2E2022D3A69F00765610 /* Assets.xcassets in Resources */ = {isa = PBXBuildFile; fileRef = FC1A2E1F22D3A69F00765610 /* Assets.xcassets */; };
		FC1A2E2322D3A69F00765610 /* Preview Assets.xcassets in Resources */ = {isa = PBXBuildFile; fileRef = FC1A2E2222D3A69F00765610 /* Preview Assets.xcassets */; };
		FC1A2E2622D3A69F00765610 /* LaunchScreen.storyboard in Resources */ = {isa = PBXBuildFile; fileRef = FC1A2E2422D3A69F00765610 /* LaunchScreen.storyboard */; };
/* End PBXBuildFile section */

/* Begin PBXFileReference section */
		FC1A2E1622D3A69C00765610 /* CatchTheKennySwiftUI.app */ = {isa = PBXFileReference; explicitFileType = wrapper.application; includeInIndex = 0; path = CatchTheKennySwiftUI.app; sourceTree = BUILT_PRODUCTS_DIR; };
		FC1A2E1922D3A69C00765610 /* AppDelegate.swift */ = {isa = PBXFileReference; lastKnownFileType = sourcecode.swift; path = AppDelegate.swift; sourceTree = "<group>"; };
		FC1A2E1B22D3A69C00765610 /* SceneDelegate.swift */ = {isa = PBXFileReference; lastKnownFileType = sourcecode.swift; path = SceneDelegate.swift; sourceTree = "<group>"; };
		FC1A2E1D22D3A69C00765610 /* ContentView.swift */ = {isa = PBXFileReference; lastKnownFileType = sourcecode.swift; path = ContentView.swift; sourceTree = "<group>"; };
		FC1A2E1F22D3A69F00765610 /* Assets.xcassets */ = {isa = PBXFileReference; lastKnownFileType = folder.assetcatalog; path = Assets.xcassets; sourceTree = "<group>"; };
		FC1A2E2222D3A69F00765610 /* Preview Assets.xcassets */ = {isa = PBXFileReference; lastKnownFileType = folder.assetcatalog; path = "Preview Assets.xcassets"; sourceTree = "<group>"; };
		FC1A2E2522D3A69F00765610 /* Base */ = {isa = PBXFileReference; lastKnownFileType = file.storyboard; name = Base; path = Base.lproj/LaunchScreen.storyboard; sourceTree = "<group>"; };
		FC1A2E2722D3A69F00765610 /* Info.plist */ = {isa = PBXFileReference; lastKnownFileType = text.plist.xml; path = Info.plist; sourceTree = "<group>"; };
/* End PBXFileReference section */

/* Begin PBXFrameworksBuildPhase section */
		FC1A2E1322D3A69C00765610 /* Frameworks */ = {
			isa = PBXFrameworksBuildPhase;
			buildActionMask = 2147483647;
			files = (
			);
			runOnlyForDeploymentPostprocessing = 0;
		};
/* End PBXFrameworksBuildPhase section */

/* Begin PBXGroup section */
		FC1A2E0D22D3A69C00765610 = {
			isa = PBXGroup;
			children = (
				FC1A2E1822D3A69C00765610 /* CatchTheKennySwiftUI */,
				FC1A2E1722D3A69C00765610 /* Products */,
			);
			sourceTree = "<group>";
		};
		FC1A2E1722D3A69C00765610 /* Products */ = {
			isa = PBXGroup;
			children = (
				FC1A2E1622D3A69C00765610 /* CatchTheKennySwiftUI.app */,
			);
			name = Products;
			sourceTree = "<group>";
		};
		FC1A2E1822D3A69C00765610 /* CatchTheKennySwiftUI */ = {
			isa = PBXGroup;
			children = (
				FC1A2E1922D3A69C00765610 /* AppDelegate.swift */,
				FC1A2E1B22D3A69C00765610 /* SceneDelegate.swift */,
				FC1A2E1D22D3A69C00765610 /* ContentView.swift */,
				FC1A2E1F22D3A69F00765610 /* Assets.xcassets */,
				FC1A2E2422D3A69F00765610 /* LaunchScreen.storyboard */,
				FC1A2E2722D3A69F00765610 /* Info.plist */,
				FC1A2E2122D3A69F00765610 /* Preview Content */,
			);
			path = CatchTheKennySwiftUI;
			sourceTree = "<group>";
		};
		FC1A2E2122D3A69F00765610 /* Preview Content */ = {
			isa = PBXGroup;
			children = (
				FC1A2E2222D3A69F00765610 /* Preview Assets.xcassets */,
			);
			path = "Preview Content";
			sourceTree = "<group>";
		};
/* End PBXGroup section */

/* Begin PBXNativeTarget section */
		FC1A2E1522D3A69C00765610 /* CatchTheKennySwiftUI */ = {
			isa = PBXNativeTarget;
			buildConfigurationList = FC1A2E2A22D3A69F00765610 /* Build configuration list for PBXNativeTarget "CatchTheKennySwiftUI" */;
			buildPhases = (
				FC1A2E1222D3A69C00765610 /* Sources */,
				FC1A2E1322D3A69C00765610 /* Frameworks */,
				FC1A2E1422D3A69C00765610 /* Resources */,
			);
			buildRules = (
			);
			dependencies = (
			);
			name = CatchTheKennySwiftUI;
			productName = CatchTheKennySwiftUI;
			productReference = FC1A2E1622D3A69C00765610 /* CatchTheKennySwiftUI.app */;
			productType = "com.apple.product-type.application";
		};
/* End PBXNativeTarget section */

/* Begin PBXProject section */
		FC1A2E0E22D3A69C00765610 /* Project object */ = {
			isa = PBXProject;
			attributes = {
				LastSwiftUpdateCheck = 1100;
				LastUpgradeCheck = 1100;
				ORGANIZATIONNAME = "Atil Samancioglu";
				TargetAttributes = {
					FC1A2E1522D3A69C00765610 = {
						CreatedOnToolsVersion = 11.0;
					};
				};
			};
			buildConfigurationList = FC1A2E1122D3A69C00765610 /* Build configuration list for PBXProject "CatchTheKennySwiftUI" */;
			compatibilityVersion = "Xcode 9.3";
			developmentRegion = en;
			hasScannedForEncodings = 0;
			knownRegions = (
				en,
				Base,
			);
			mainGroup = FC1A2E0D22D3A69C00765610;
			productRefGroup = FC1A2E1722D3A69C00765610 /* Products */;
			projectDirPath = "";
			projectRoot = "";
			targets = (
				FC1A2E1522D3A69C00765610 /* CatchTheKennySwiftUI */,
			);
		};
/* End PBXProject section */

/* Begin PBXResourcesBuildPhase section */
		FC1A2E1422D3A69C00765610 /* Resources */ = {
			isa = PBXResourcesBuildPhase;
			buildActionMask = 2147483647;
			files = (
				FC1A2E2622D3A69F00765610 /* LaunchScreen.storyboard in Resources */,
				FC1A2E2322D3A69F00765610 /* Preview Assets.xcassets in Resources */,
				FC1A2E2022D3A69F00765610 /* Assets.xcassets in Resources */,
			);
			runOnlyForDeploymentPostprocessing = 0;
		};
/* End PBXResourcesBuildPhase section */

/* Begin PBXSourcesBuildPhase section */
		FC1A2E1222D3A69C00765610 /* Sources */ = {
			isa = PBXSourcesBuildPhase;
			buildActionMask = 2147483647;
			files = (
				FC1A2E1A22D3A69C00765610 /* AppDelegate.swift in Sources */,
				FC1A2E1C22D3A69C00765610 /* SceneDelegate.swift in Sources */,
				FC1A2E1E22D3A69C00765610 /* ContentView.swift in Sources */,
			);
			runOnlyForDeploymentPostprocessing = 0;
		};
/* End PBXSourcesBuildPhase section */

/* Begin PBXVariantGroup section */
		FC1A2E2422D3A69F00765610 /* LaunchScreen.storyboard */ = {
			isa = PBXVariantGroup;
			children = (
				FC1A2E2522D3A69F00765610 /* Base */,
			);
			name = LaunchScreen.storyboard;
			sourceTree = "<group>";
		};
/* End PBXVariantGroup section */

/* Begin XCBuildConfiguration section */
		FC1A2E2822D3A69F00765610 /* Debug */ = {
			isa = XCBuildConfiguration;
			buildSettings = {
				ALWAYS_SEARCH_USER_PATHS = NO;
				CLANG_ANALYZER_NONNULL = YES;
				CLANG_ANALYZER_NUMBER_OBJECT_CONVERSION = YES_AGGRESSIVE;
				CLANG_CXX_LANGUAGE_STANDARD = "gnu++14";
				CLANG_CXX_LIBRARY = "libc++";
				CLANG_ENABLE_MODULES = YES;
				CLANG_ENABLE_OBJC_ARC = YES;
				CLANG_ENABLE_OBJC_WEAK = YES;
				CLANG_WARN_BLOCK_CAPTURE_AUTORELEASING = YES;
				CLANG_WARN_BOOL_CONVERSION = YES;
				CLANG_WARN_COMMA = YES;
				CLANG_WARN_CONSTANT_CONVERSION = YES;
				CLANG_WARN_DEPRECATED_OBJC_IMPLEMENTATIONS = YES;
				CLANG_WARN_DIRECT_OBJC_ISA_USAGE = YES_ERROR;
				CLANG_WARN_DOCUMENTATION_COMMENTS = YES;
				CLANG_WARN_EMPTY_BODY = YES;
				CLANG_WARN_ENUM_CONVERSION = YES;
				CLANG_WARN_INFINITE_RECURSION = YES;
				CLANG_WARN_INT_CONVERSION = YES;
				CLANG_WARN_NON_LITERAL_NULL_CONVERSION = YES;
				CLANG_WARN_OBJC_IMPLICIT_RETAIN_SELF = YES;
				CLANG_WARN_OBJC_LITERAL_CONVERSION = YES;
				CLANG_WARN_OBJC_ROOT_CLASS = YES_ERROR;
				CLANG_WARN_RANGE_LOOP_ANALYSIS = YES;
				CLANG_WARN_STRICT_PROTOTYPES = YES;
				CLANG_WARN_SUSPICIOUS_MOVE = YES;
				CLANG_WARN_UNGUARDED_AVAILABILITY = YES_AGGRESSIVE;
				CLANG_WARN_UNREACHABLE_CODE = YES;
				CLANG_WARN__DUPLICATE_METHOD_MATCH = YES;
				COPY_PHASE_STRIP = NO;
				DEBUG_INFORMATION_FORMAT = dwarf;
				ENABLE_STRICT_OBJC_MSGSEND = YES;
				ENABLE_TESTABILITY = YES;
				GCC_C_LANGUAGE_STANDARD = gnu11;
				GCC_DYNAMIC_NO_PIC = NO;
				GCC_NO_COMMON_BLOCKS = YES;
				GCC_OPTIMIZATION_LEVEL = 0;
				GCC_PREPROCESSOR_DEFINITIONS = (
					"DEBUG=1",
					"$(inherited)",
				);
				GCC_WARN_64_TO_32_BIT_CONVERSION = YES;
				GCC_WARN_ABOUT_RETURN_TYPE = YES_ERROR;
				GCC_WARN_UNDECLARED_SELECTOR = YES;
				GCC_WARN_UNINITIALIZED_AUTOS = YES_AGGRESSIVE;
				GCC_WARN_UNUSED_FUNCTION = YES;
				GCC_WARN_UNUSED_VARIABLE = YES;
				IPHONEOS_DEPLOYMENT_TARGET = 13.0;
				MTL_ENABLE_DEBUG_INFO = INCLUDE_SOURCE;
				MTL_FAST_MATH = YES;
				ONLY_ACTIVE_ARCH = YES;
				SDKROOT = iphoneos;
				SWIFT_ACTIVE_COMPILATION_CONDITIONS = DEBUG;
				SWIFT_OPTIMIZATION_LEVEL = "-Onone";
			};
			name = Debug;
		};
		FC1A2E2922D3A69F00765610 /* Release */ = {
			isa = XCBuildConfiguration;
			buildSettings = {
				ALWAYS_SEARCH_USER_PATHS = NO;
				CLANG_ANALYZER_NONNULL = YES;
				CLANG_ANALYZER_NUMBER_OBJECT_CONVERSION = YES_AGGRESSIVE;
				CLANG_CXX_LANGUAGE_STANDARD = "gnu++14";
				CLANG_CXX_LIBRARY = "libc++";
				CLANG_ENABLE_MODULES = YES;
				CLANG_ENABLE_OBJC_ARC = YES;
				CLANG_ENABLE_OBJC_WEAK = YES;
				CLANG_WARN_BLOCK_CAPTURE_AUTORELEASING = YES;
				CLANG_WARN_BOOL_CONVERSION = YES;
				CLANG_WARN_COMMA = YES;
				CLANG_WARN_CONSTANT_CONVERSION = YES;
				CLANG_WARN_DEPRECATED_OBJC_IMPLEMENTATIONS = YES;
				CLANG_WARN_DIRECT_OBJC_ISA_USAGE = YES_ERROR;
				CLANG_WARN_DOCUMENTATION_COMMENTS = YES;
				CLANG_WARN_EMPTY_BODY = YES;
				CLANG_WARN_ENUM_CONVERSION = YES;
				CLANG_WARN_INFINITE_RECURSION = YES;
				CLANG_WARN_INT_CONVERSION = YES;
				CLANG_WARN_NON_LITERAL_NULL_CONVERSION = YES;
				CLANG_WARN_OBJC_IMPLICIT_RETAIN_SELF = YES;
				CLANG_WARN_OBJC_LITERAL_CONVERSION = YES;
				CLANG_WARN_OBJC_ROOT_CLASS = YES_ERROR;
				CLANG_WARN_RANGE_LOOP_ANALYSIS = YES;
				CLANG_WARN_STRICT_PROTOTYPES = YES;
				CLANG_WARN_SUSPICIOUS_MOVE = YES;
				CLANG_WARN_UNGUARDED_AVAILABILITY = YES_AGGRESSIVE;
				CLANG_WARN_UNREACHABLE_CODE = YES;
				CLANG_WARN__DUPLICATE_METHOD_MATCH = YES;
				COPY_PHASE_STRIP = NO;
				DEBUG_INFORMATION_FORMAT = "dwarf-with-dsym";
				ENABLE_NS_ASSERTIONS = NO;
				ENABLE_STRICT_OBJC_MSGSEND = YES;
				GCC_C_LANGUAGE_STANDARD = gnu11;
				GCC_NO_COMMON_BLOCKS = YES;
				GCC_WARN_64_TO_32_BIT_CONVERSION = YES;
				GCC_WARN_ABOUT_RETURN_TYPE = YES_ERROR;
				GCC_WARN_UNDECLARED_SELECTOR = YES;
				GCC_WARN_UNINITIALIZED_AUTOS = YES_AGGRESSIVE;
				GCC_WARN_UNUSED_FUNCTION = YES;
				GCC_WARN_UNUSED_VARIABLE = YES;
				IPHONEOS_DEPLOYMENT_TARGET = 13.0;
				MTL_ENABLE_DEBUG_INFO = NO;
				MTL_FAST_MATH = YES;
				SDKROOT = iphoneos;
				SWIFT_COMPILATION_MODE = wholemodule;
				SWIFT_OPTIMIZATION_LEVEL = "-O";
				VALIDATE_PRODUCT = YES;
			};
			name = Release;
		};
		FC1A2E2B22D3A69F00765610 /* Debug */ = {
			isa = XCBuildConfiguration;
			buildSettings = {
				ASSETCATALOG_COMPILER_APPICON_NAME = AppIcon;
				CODE_SIGN_STYLE = Automatic;
				DEVELOPMENT_ASSET_PATHS = "CatchTheKennySwiftUI/Preview\\ Content";
				DEVELOPMENT_TEAM = 7SH627DBA4;
				ENABLE_PREVIEWS = YES;
				INFOPLIST_FILE = CatchTheKennySwiftUI/Info.plist;
				LD_RUNPATH_SEARCH_PATHS = (
					"$(inherited)",
					"@executable_path/Frameworks",
				);
				PRODUCT_BUNDLE_IDENTIFIER = com.atilsamancioglu.CatchTheKennySwiftUI;
				PRODUCT_NAME = "$(TARGET_NAME)";
				SWIFT_VERSION = 5.0;
				TARGETED_DEVICE_FAMILY = "1,2";
			};
			name = Debug;
		};
		FC1A2E2C22D3A69F00765610 /* Release */ = {
			isa = XCBuildConfiguration;
			buildSettings = {
				ASSETCATALOG_COMPILER_APPICON_NAME = AppIcon;
				CODE_SIGN_STYLE = Automatic;
				DEVELOPMENT_ASSET_PATHS = "CatchTheKennySwiftUI/Preview\\ Content";
				DEVELOPMENT_TEAM = 7SH627DBA4;
				ENABLE_PREVIEWS = YES;
				INFOPLIST_FILE = CatchTheKennySwiftUI/Info.plist;
				LD_RUNPATH_SEARCH_PATHS = (
					"$(inherited)",
					"@executable_path/Frameworks",
				);
				PRODUCT_BUNDLE_IDENTIFIER = com.atilsamancioglu.CatchTheKennySwiftUI;
				PRODUCT_NAME = "$(TARGET_NAME)";
				SWIFT_VERSION = 5.0;
				TARGETED_DEVICE_FAMILY = "1,2";
			};
			name = Release;
		};
/* End XCBuildConfiguration section */

/* Begin XCConfigurationList section */
		FC1A2E1122D3A69C00765610 /* Build configuration list for PBXProject "CatchTheKennySwiftUI" */ = {
			isa = XCConfigurationList;
			buildConfigurations = (
				FC1A2E2822D3A69F00765610 /* Debug */,
				FC1A2E2922D3A69F00765610 /* Release */,
			);
			defaultConfigurationIsVisible = 0;
			defaultConfigurationName = Release;
		};
		FC1A2E2A22D3A69F00765610 /* Build configuration list for PBXNativeTarget "CatchTheKennySwiftUI" */ = {
			isa = XCConfigurationList;
			buildConfigurations = (
				FC1A2E2B22D3A69F00765610 /* Debug */,
				FC1A2E2C22D3A69F00765610 /* Release */,
			);
			defaultConfigurationIsVisible = 0;
			defaultConfigurationName = Release;
		};
/* End XCConfigurationList section */
	};
	rootObject = FC1A2E0E22D3A69C00765610 /* Project object */;
}
